
Microsoft Visual Studio Solution File, Format Version 12.00
# Visual Studio Version 16
VisualStudioVersion = 16.0.31624.102
MinimumVisualStudioVersion = 10.0.40219.1
Project("{2150E333-8FDC-42A3-9474-1A3956D46DE8}") = "Services", "Services", "{C36BC605-E6CE-49C5-8091-B5DC6F517765}"
EndProject
Project("{2150E333-8FDC-42A3-9474-1A3956D46DE8}") = "ContactService", "ContactService", "{1758C759-9D95-4CE0-A415-73E73E62DD3F}"
EndProject
Project("{9A19103F-16F7-4668-BE54-9A1E7A4F7556}") = "Sst.Contact", "Services\Contact\Sst.Contact\Sst.Contact.csproj", "{B1918B7E-928D-4D82-A4A8-8259B080B8E7}"
EndProject
Project("{2150E333-8FDC-42A3-9474-1A3956D46DE8}") = "Shared", "Shared", "{96A60E48-93D6-4BC0-8EE5-A991586225C7}"
EndProject
Project("{9A19103F-16F7-4668-BE54-9A1E7A4F7556}") = "Sst.Shared", "Shared\SstShared\Sst.Shared\Sst.Shared.csproj", "{55DB7C4D-4589-487F-A032-AC1A0FF3F042}"
EndProject
Project("{2150E333-8FDC-42A3-9474-1A3956D46DE8}") = "ReportService", "ReportService", "{79547878-4226-44BB-99A9-6EF412744384}"
EndProject
Project("{9A19103F-16F7-4668-BE54-9A1E7A4F7556}") = "Sst.Report", "Services\Reports\Sst.Report\Sst.Report.csproj", "{D24A0DF1-096B-4101-B0E7-1612CF505FEA}"
EndProject
Project("{FAE04EC0-301F-11D3-BF4B-00C04F79EFBC}") = "TestProject2", "TestProject2\TestProject2.csproj", "{0154E575-5785-4224-A206-A2D8B8F03F5C}"
EndProject
Global
	GlobalSection(SolutionConfigurationPlatforms) = preSolution
		Debug|Any CPU = Debug|Any CPU
		Release|Any CPU = Release|Any CPU
	EndGlobalSection
	GlobalSection(ProjectConfigurationPlatforms) = postSolution
		{B1918B7E-928D-4D82-A4A8-8259B080B8E7}.Debug|Any CPU.ActiveCfg = Debug|Any CPU
		{B1918B7E-928D-4D82-A4A8-8259B080B8E7}.Debug|Any CPU.Build.0 = Debug|Any CPU
		{B1918B7E-928D-4D82-A4A8-8259B080B8E7}.Release|Any CPU.ActiveCfg = Release|Any CPU
		{B1918B7E-928D-4D82-A4A8-8259B080B8E7}.Release|Any CPU.Build.0 = Release|Any CPU
		{55DB7C4D-4589-487F-A032-AC1A0FF3F042}.Debug|Any CPU.ActiveCfg = Debug|Any CPU
		{55DB7C4D-4589-487F-A032-AC1A0FF3F042}.Debug|Any CPU.Build.0 = Debug|Any CPU
		{55DB7C4D-4589-487F-A032-AC1A0FF3F042}.Release|Any CPU.ActiveCfg = Release|Any CPU
		{55DB7C4D-4589-487F-A032-AC1A0FF3F042}.Release|Any CPU.Build.0 = Release|Any CPU
		{D24A0DF1-096B-4101-B0E7-1612CF505FEA}.Debug|Any CPU.ActiveCfg = Debug|Any CPU
		{D24A0DF1-096B-4101-B0E7-1612CF505FEA}.Debug|Any CPU.Build.0 = Debug|Any CPU
		{D24A0DF1-096B-4101-B0E7-1612CF505FEA}.Release|Any CPU.ActiveCfg = Release|Any CPU
		{D24A0DF1-096B-4101-B0E7-1612CF505FEA}.Release|Any CPU.Build.0 = Release|Any CPU
		{0154E575-5785-4224-A206-A2D8B8F03F5C}.Debug|Any CPU.ActiveCfg = Debug|Any CPU
		{0154E575-5785-4224-A206-A2D8B8F03F5C}.Debug|Any CPU.Build.0 = Debug|Any CPU
		{0154E575-5785-4224-A206-A2D8B8F03F5C}.Release|Any CPU.ActiveCfg = Release|Any CPU
		{0154E575-5785-4224-A206-A2D8B8F03F5C}.Release|Any CPU.Build.0 = Release|Any CPU
	EndGlobalSection
	GlobalSection(SolutionProperties) = preSolution
		HideSolutionNode = FALSE
	EndGlobalSection
	GlobalSection(NestedProjects) = preSolution
		{1758C759-9D95-4CE0-A415-73E73E62DD3F} = {C36BC605-E6CE-49C5-8091-B5DC6F517765}
		{B1918B7E-928D-4D82-A4A8-8259B080B8E7} = {1758C759-9D95-4CE0-A415-73E73E62DD3F}
		{55DB7C4D-4589-487F-A032-AC1A0FF3F042} = {96A60E48-93D6-4BC0-8EE5-A991586225C7}
		{79547878-4226-44BB-99A9-6EF412744384} = {C36BC605-E6CE-49C5-8091-B5DC6F517765}
		{D24A0DF1-096B-4101-B0E7-1612CF505FEA} = {79547878-4226-44BB-99A9-6EF412744384}
	EndGlobalSection
	GlobalSection(ExtensibilityGlobals) = postSolution
		SolutionGuid = {3F700A5F-1B3C-43B7-A887-3E80E48A2349}
	EndGlobalSection
EndGlobal
